
Microsoft Visual Studio Solution File, Format Version 12.00
# Visual Studio Version 17
VisualStudioVersion = 17.7.34024.191
MinimumVisualStudioVersion = 10.0.40219.1
Project("{FAE04EC0-301F-11D3-BF4B-00C04F79EFBC}") = "school_management_system_model", "school_management_system_model\school_management_system_model.csproj", "{56FA6B1C-088D-46A2-8DDB-0350C8D7B68E}"
EndProject
Global
	GlobalSection(SolutionConfigurationPlatforms) = preSolution
		Debug|Any CPU = Debug|Any CPU
		Release|Any CPU = Release|Any CPU
	EndGlobalSection
	GlobalSection(ProjectConfigurationPlatforms) = postSolution
		{56FA6B1C-088D-46A2-8DDB-0350C8D7B68E}.Debug|Any CPU.ActiveCfg = Debug|Any CPU
		{56FA6B1C-088D-46A2-8DDB-0350C8D7B68E}.Debug|Any CPU.Build.0 = Debug|Any CPU
		{56FA6B1C-088D-46A2-8DDB-0350C8D7B68E}.Release|Any CPU.ActiveCfg = Release|Any CPU
		{56FA6B1C-088D-46A2-8DDB-0350C8D7B68E}.Release|Any CPU.Build.0 = Release|Any CPU
	EndGlobalSection
	GlobalSection(SolutionProperties) = preSolution
		HideSolutionNode = FALSE
	EndGlobalSection
	GlobalSection(ExtensibilityGlobals) = postSolution
		SolutionGuid = {FF923C89-F673-4A30-8320-24BD170898A4}
	EndGlobalSection
EndGlobal
